github.com/aead/chacha20 v0.0.0-20180709150244-8b13a72661da h1:KjTM2ks9d14ZYCvmHS9iAKVt9AyzRSqNU1qabPih5BY=
github.com/aead/chacha20 v0.0.0-20180709150244-8b13a72661da/go.mod h1:eHEWzANqSiWQsof+nXEI9bUVUyV6F53Fp89EuCh2EAA=
github.com/davecgh/go-spew v1.1.1 h1:vj9j/u1bqnvCEfJOwUhtlOARqs3+rkHYY13jYWTU97c=
github.com/davecgh/go-spew v1.1.1/go.mod h1:J7Y8YcW2NihsgmVo/mv3lAwl/skON4iLHjSsI+c5H38=
github.com/julienschmidt/httprouter v1.3.0 h1:U0609e9tgbseu3rBINet9P48AI/D3oJs4dN7jwJOQ1U=
github.com/julienschmidt/httprouter v1.3.0/go.mod h1:JR6WtHb+2LUe8TCKY3cZOxFyyO8IZAc4RVcycCCAKdM=
github.com/mattn/go-sqlite3 v1.14.22 h1:2gZY6PC6kBnID23Tichd1K+Z0oS6nE/XwU+Vz/5o4kU=
github.com/mattn/go-sqlite3 v1.14.22/go.mod h1:Uh1q+B4BYcTPb+yiD3kU8Ct7aC0hY9fxUwlHK0RXw+Y=
github.com/pmezard/go-difflib v1.0.0 h1:4DBwDE0NGyQoBHbLQYPwSUPoCMWR5BEzIk/f1lZbAQM=
github.com/pmezard/go-difflib v1.0.0/go.mod h1:iKH77koFhYxTK1pcRnkKkqfTogsbg7gZNVY4sRDYZ/4=
github.com/stretchr/testify v1.8.1 h1:w7B6lhMri9wdJUVmEZPGGhZzrYTPvgJArz7wNPgYKsk=
github.com/stretchr/testify v1.8.1/go.mod h1:w2LPCIKwWwSfY2zedu0+kehJoqGctiVI29o6fzry7u4=
go.etcd.io/bbolt v1.3.9 h1:8x7aARPEXiXbHmtUwAIv7eV2fQFHrLLavdiJ3uzJXoI=
go.etcd.io/bbolt v1.3.9/go.mod h1:zaO32+Ti0PK1ivdPtgMESzuzL2VPoIG1PCQNvOdo/dE=
go.sia.tech/core v0.2.1 h1:CqmMd+T5rAhC+Py3NxfvGtvsj/GgwIqQHHVrdts/LqY=
go.sia.tech/core v0.2.1/go.mod h1:3EoY+rR78w1/uGoXXVqcYdwSjSJKuEMI5bL7WROA27Q=
go.sia.tech/coreutils v0.0.4-0.20240318195004-c73e571336f7 h1:5AuiglkLdoBenrg41cJXJ4wTxkVTo85Asj9SPljnmiE=
go.sia.tech/coreutils v0.0.4-0.20240318195004-c73e571336f7/go.mod h1:QvsXghS4wqhJosQq3AkMjA2mJ6pbDB7PgG+w5b09/z0=
go.sia.tech/jape v0.11.2-0.20240124024603-93559895d640 h1:mSaJ622P7T/M97dAK8iPV+IRIC9M5vV28NHeceoWO3M=
go.sia.tech/jape v0.11.2-0.20240124024603-93559895d640/go.mod h1:4QqmBB+t3W7cNplXPj++ZqpoUb2PeiS66RLpXmEGap4=
go.sia.tech/mux v1.2.0 h1:ofa1Us9mdymBbGMY2XH/lSpY8itFsKIo/Aq8zwe+GHU=
go.sia.tech/mux v1.2.0/go.mod h1:Yyo6wZelOYTyvrHmJZ6aQfRoer3o4xyKQ4NmQLJrBSo=
go.sia.tech/web v0.0.0-20240403150056-0f3b9f006d5b h1:nwfLGAR0sjN/zb9QW0xWeNR8MjdtJl6KKZqPo2Amz3U=
go.sia.tech/web v0.0.0-20240403150056-0f3b9f006d5b/go.mod h1:nGEhGmI8zV/BcC3LOCC5JLVYpidNYJIvLGIqVRWQBCg=
go.sia.tech/web/walletd v0.18.0 h1:Sc04C9dTA7pWvC6AOfdQ5scd3zMNJb8Oc3vHqLAdY54=
go.sia.tech/web/walletd v0.18.0/go.mod h1:xlrUEt6cNA3vABwXpZaNDS3DM5Jh8IpqutdHqlVW+Os=
go.uber.org/goleak v1.3.0 h1:2K3zAYmnTNqV73imy9J1T3WC+gmCePx2hEGkimedGto=
go.uber.org/goleak v1.3.0/go.mod h1:CoHD4mav9JJNrW/WLlf7HGZPjdw8EucARQHekz1X6bE=
go.uber.org/multierr v1.10.0 h1:S0h4aNzvfcFsC3dRF1jLoaov7oRaKqRGC/pUEJ2yvPQ=
go.uber.org/multierr v1.10.0/go.mod h1:20+QtiLqy0Nd6FdQB9TLXag12DsQkrbs3htMFfDN80Y=
go.uber.org/zap v1.27.0 h1:aJMhYGrd5QSmlpLMr2MftRKl7t8J8PTZPA732ud/XR8=
go.uber.org/zap v1.27.0/go.mod h1:GB2qFLM7cTU87MWRP2mPIjqfIDnGu+VIO4V/SdhGo2E=
golang.org/x/crypto v0.21.0 h1:X31++rzVUdKhX5sWmSOFZxx8UW/ldWx55cbf08iNAMA=
golang.org/x/crypto v0.21.0/go.mod h1:0BP7YvVV9gBbVKyeTG0Gyn+gZm94bibOW5BjDEYAOMs=
golang.org/x/mod v0.9.0 h1:KENHtAZL2y3NLMYZeHY9DW8HW8V+kQyJsY/V9JlKvCs=
golang.org/x/mod v0.9.0/go.mod h1:iBbtSCu2XBx23ZKBPSOrRkjjQPZFPuis4dIYUhu/chs=
golang.org/x/sync v0.5.0 h1:60k92dhOjHxJkrqnwsfl8KuaHbn/5dl0lUPUklKo3qE=
golang.org/x/sync v0.5.0/go.mod h1:Czt+wKu1gCyEFDUtn0jG5QVvpJ6rzVqr5aXyt9drQfk=
golang.org/x/sys v0.0.0-20190626221950-04f50cda93cb/go.mod h1:h1NjWce9XRLGQEsW7wpKNCjG9DtNlClVuFLEZdDNbEs=
golang.org/x/sys v0.19.0 h1:q5f1RH2jigJ1MoAWp2KTp3gm5zAGFUTarQZ5U386+4o=
golang.org/x/sys v0.19.0/go.mod h1:/VUhepiaJMQUp4+oa/7Zr1D23ma6VTLIYjOOTFZPUcA=
golang.org/x/term v0.19.0 h1:+ThwsDv+tYfnJFhF4L8jITxu1tdTWRTZpdsWgEgjL6Q=
golang.org/x/term v0.19.0/go.mod h1:2CuTdWZ7KHSQwUzKva0cbMg6q2DMI3Mmxp+gKJbskEk=
golang.org/x/tools v0.7.0 h1:W4OVu8VVOaIO0yzWMNdepAulS7YfoS3Zabrm8DOXXU4=
golang.org/x/tools v0.7.0/go.mod h1:4pg6aUX35JBAogB10C9AtvVL+qowtN4pT3CGSQex14s=
gopkg.in/yaml.v3 v3.0.1 h1:fxVm/GzAzEWqLHuvctI91KS9hhNmmWOoWu0XTYJS7CA=
gopkg.in/yaml.v3 v3.0.1/go.mod h1:K4uyk7z7BCEPqu6E+C64Yfv1cQ7kz7rIZviUmN+EgEM=
lukechampine.com/flagg v1.1.1 h1:jB5oL4D5zSUrzm5og6dDEi5pnrTF1poKfC7KE1lLsqc=
lukechampine.com/flagg v1.1.1/go.mod h1:a9ZuZu5LSPXELWSJrabRD00ort+lDXSOQu34xWgEoDI=
lukechampine.com/frand v1.4.2 h1:RzFIpOvkMXuPMBb9maa4ND4wjBn71E1Jpf8BzJHMaVw=
lukechampine.com/frand v1.4.2/go.mod h1:4S/TM2ZgrKejMcKMbeLjISpJMO+/eZ1zu3vYX9dtj3s=
lukechampine.com/upnp v0.3.0 h1:UVCD6eD6fmJmwak6DVE3vGN+L46Fk8edTcC6XYCb6C4=
lukechampine.com/upnp v0.3.0/go.mod h1:sOuF+fGSDKjpUm6QI0mfb82ScRrhj8bsqsD78O5nK1k=
